
Microsoft Visual Studio Solution File, Format Version 12.00
# Visual Studio 15
VisualStudioVersion = 15.0.26228.9
MinimumVisualStudioVersion = 10.0.40219.1
Project("{FAE04EC0-301F-11D3-BF4B-00C04F79EFBC}") = "ModelViewBinder.Forms", "ModelViewBinder.Forms\ModelViewBinder.Forms.csproj", "{67F02D3A-D0C4-4710-90EC-50E075236729}"
EndProject
Project("{FAE04EC0-301F-11D3-BF4B-00C04F79EFBC}") = "ModelViewBinder", "ModelViewBinder\ModelViewBinder.csproj", "{8B2990C5-F8A8-4939-A6C8-97B5D1CB0FF9}"
EndProject
Project("{FAE04EC0-301F-11D3-BF4B-00C04F79EFBC}") = "ModelViewBinder.Test", "ModelViewBinder.Test\ModelViewBinder.Test.csproj", "{9DEF0A9D-C542-48E7-857E-76B6597395A3}"
EndProject
Project("{FAE04EC0-301F-11D3-BF4B-00C04F79EFBC}") = "ModelViewBinder.Forms.Test", "ModelViewBinder.Forms.Test\ModelViewBinder.Forms.Test.csproj", "{6D1FAD2E-6A51-4645-BBAF-FE5810477817}"
EndProject
Global
	GlobalSection(SolutionConfigurationPlatforms) = preSolution
		Debug|Any CPU = Debug|Any CPU
		Release|Any CPU = Release|Any CPU
	EndGlobalSection
	GlobalSection(ProjectConfigurationPlatforms) = postSolution
		{67F02D3A-D0C4-4710-90EC-50E075236729}.Debug|Any CPU.ActiveCfg = Debug|Any CPU
		{67F02D3A-D0C4-4710-90EC-50E075236729}.Debug|Any CPU.Build.0 = Debug|Any CPU
		{67F02D3A-D0C4-4710-90EC-50E075236729}.Release|Any CPU.ActiveCfg = Release|Any CPU
		{67F02D3A-D0C4-4710-90EC-50E075236729}.Release|Any CPU.Build.0 = Release|Any CPU
		{8B2990C5-F8A8-4939-A6C8-97B5D1CB0FF9}.Debug|Any CPU.ActiveCfg = Debug|Any CPU
		{8B2990C5-F8A8-4939-A6C8-97B5D1CB0FF9}.Debug|Any CPU.Build.0 = Debug|Any CPU
		{8B2990C5-F8A8-4939-A6C8-97B5D1CB0FF9}.Release|Any CPU.ActiveCfg = Release|Any CPU
		{8B2990C5-F8A8-4939-A6C8-97B5D1CB0FF9}.Release|Any CPU.Build.0 = Release|Any CPU
		{9DEF0A9D-C542-48E7-857E-76B6597395A3}.Debug|Any CPU.ActiveCfg = Debug|Any CPU
		{9DEF0A9D-C542-48E7-857E-76B6597395A3}.Debug|Any CPU.Build.0 = Debug|Any CPU
		{9DEF0A9D-C542-48E7-857E-76B6597395A3}.Release|Any CPU.ActiveCfg = Release|Any CPU
		{9DEF0A9D-C542-48E7-857E-76B6597395A3}.Release|Any CPU.Build.0 = Release|Any CPU
		{6D1FAD2E-6A51-4645-BBAF-FE5810477817}.Debug|Any CPU.ActiveCfg = Debug|Any CPU
		{6D1FAD2E-6A51-4645-BBAF-FE5810477817}.Debug|Any CPU.Build.0 = Debug|Any CPU
		{6D1FAD2E-6A51-4645-BBAF-FE5810477817}.Release|Any CPU.ActiveCfg = Release|Any CPU
		{6D1FAD2E-6A51-4645-BBAF-FE5810477817}.Release|Any CPU.Build.0 = Release|Any CPU
	EndGlobalSection
	GlobalSection(SolutionProperties) = preSolution
		HideSolutionNode = FALSE
	EndGlobalSection
EndGlobal
